
Microsoft Visual Studio Solution File, Format Version 12.00
# Visual Studio 2013
VisualStudioVersion = 12.0.40629.0
MinimumVisualStudioVersion = 10.0.40219.1
Project("{FAE04EC0-301F-11D3-BF4B-00C04F79EFBC}") = "WLabs.Days.Web.Tests", "WLabs.Days.Web.Tests\WLabs.Days.Web.Tests.csproj", "{E5830D24-6754-44A3-A3CE-BF3F4227DF9F}"
EndProject
Project("{FAE04EC0-301F-11D3-BF4B-00C04F79EFBC}") = "WLabs.Days.Web", "WLabs.Days.Web\WLabs.Days.Web.csproj", "{F2C9D963-A303-433B-A648-6AA4F518A360}"
EndProject
Project("{FAE04EC0-301F-11D3-BF4B-00C04F79EFBC}") = "WLabs.Days.UI", "WLabs.Days.UI\WLabs.Days.UI.csproj", "{E7241129-E5B2-4635-A532-FE549F99827E}"
	ProjectSection(ProjectDependencies) = postProject
		{F2C9D963-A303-433B-A648-6AA4F518A360} = {F2C9D963-A303-433B-A648-6AA4F518A360}
	EndProjectSection
EndProject
Global
	GlobalSection(TeamFoundationVersionControl) = preSolution
		SccNumberOfProjects = 4
		SccEnterpriseProvider = {4CA58AB2-18FA-4F8D-95D4-32DDF27D184C}
		SccTeamFoundationServer = https://wlabs.visualstudio.com/defaultcollection
		SccLocalPath0 = .
		SccProjectUniqueName1 = WLabs.Days.UI\\WLabs.Days.UI.csproj
		SccProjectName1 = WLabs.Days.UI
		SccLocalPath1 = WLabs.Days.UI
		SccProjectUniqueName2 = WLabs.Days.Web.Tests\\WLabs.Days.Web.Tests.csproj
		SccProjectName2 = WLabs.Days.Web.Tests
		SccLocalPath2 = WLabs.Days.Web.Tests
		SccProjectUniqueName3 = WLabs.Days.Web\\WLabs.Days.Web.csproj
		SccProjectName3 = WLabs.Days.Web
		SccLocalPath3 = WLabs.Days.Web
	EndGlobalSection
	GlobalSection(SolutionConfigurationPlatforms) = preSolution
		Debug|Any CPU = Debug|Any CPU
		Release|Any CPU = Release|Any CPU
	EndGlobalSection
	GlobalSection(ProjectConfigurationPlatforms) = postSolution
		{E5830D24-6754-44A3-A3CE-BF3F4227DF9F}.Debug|Any CPU.ActiveCfg = Release|Any CPU
		{E5830D24-6754-44A3-A3CE-BF3F4227DF9F}.Debug|Any CPU.Build.0 = Release|Any CPU
		{E5830D24-6754-44A3-A3CE-BF3F4227DF9F}.Release|Any CPU.ActiveCfg = Release|Any CPU
		{E5830D24-6754-44A3-A3CE-BF3F4227DF9F}.Release|Any CPU.Build.0 = Release|Any CPU
		{F2C9D963-A303-433B-A648-6AA4F518A360}.Debug|Any CPU.ActiveCfg = Release|Any CPU
		{F2C9D963-A303-433B-A648-6AA4F518A360}.Debug|Any CPU.Build.0 = Release|Any CPU
		{F2C9D963-A303-433B-A648-6AA4F518A360}.Release|Any CPU.ActiveCfg = Release|Any CPU
		{F2C9D963-A303-433B-A648-6AA4F518A360}.Release|Any CPU.Build.0 = Release|Any CPU
		{E7241129-E5B2-4635-A532-FE549F99827E}.Debug|Any CPU.ActiveCfg = Release|Any CPU
		{E7241129-E5B2-4635-A532-FE549F99827E}.Release|Any CPU.ActiveCfg = Release|Any CPU
	EndGlobalSection
	GlobalSection(SolutionProperties) = preSolution
		HideSolutionNode = FALSE
	EndGlobalSection
EndGlobal
